
Microsoft Visual Studio Solution File, Format Version 12.00
# Visual Studio Version 16
VisualStudioVersion = 16.0.31911.196
MinimumVisualStudioVersion = 10.0.40219.1
Project("{FAE04EC0-301F-11D3-BF4B-00C04F79EFBC}") = "ForContagens", "ForContagens.csproj", "{D27CFBAB-DC4F-4A51-B3E3-98C8491EFCFC}"
EndProject
Global
	GlobalSection(SolutionConfigurationPlatforms) = preSolution
		Debug|Any CPU = Debug|Any CPU
		Release|Any CPU = Release|Any CPU
	EndGlobalSection
	GlobalSection(ProjectConfigurationPlatforms) = postSolution
		{D27CFBAB-DC4F-4A51-B3E3-98C8491EFCFC}.Debug|Any CPU.ActiveCfg = Debug|Any CPU
		{D27CFBAB-DC4F-4A51-B3E3-98C8491EFCFC}.Debug|Any CPU.Build.0 = Debug|Any CPU
		{D27CFBAB-DC4F-4A51-B3E3-98C8491EFCFC}.Release|Any CPU.ActiveCfg = Release|Any CPU
		{D27CFBAB-DC4F-4A51-B3E3-98C8491EFCFC}.Release|Any CPU.Build.0 = Release|Any CPU
	EndGlobalSection
	GlobalSection(SolutionProperties) = preSolution
		HideSolutionNode = FALSE
	EndGlobalSection
	GlobalSection(ExtensibilityGlobals) = postSolution
		SolutionGuid = {3417DEC0-874D-492B-8629-B271F4672FEF}
	EndGlobalSection
EndGlobal
